
Microsoft Visual Studio Solution File, Format Version 12.00
# Visual Studio 15
VisualStudioVersion = 15.0.26403.7
MinimumVisualStudioVersion = 10.0.40219.1
Project("{2150E333-8FDC-42A3-9474-1A3956D46DE8}") = "Shared", "Shared", "{0E0BF6ED-0950-4028-8CA8-18E882F4641A}"
EndProject
Project("{2150E333-8FDC-42A3-9474-1A3956D46DE8}") = "Auth", "Auth", "{425544EF-B295-42B6-968F-E83B90766AFD}"
EndProject
Project("{2150E333-8FDC-42A3-9474-1A3956D46DE8}") = "Connectors", "Connectors", "{D42CB269-2B49-4B06-A0BD-71C078681818}"
EndProject
Project("{2150E333-8FDC-42A3-9474-1A3956D46DE8}") = "src", "src", "{6CB80A10-AF12-4BE2-A79E-2B20ABA23999}"
EndProject
Project("{9A19103F-16F7-4668-BE54-9A1E7A4F7556}") = "Vault.Shared", "Vault.Shared\Vault.Shared.csproj", "{AC32727D-A876-4D06-84F2-35E2B39F0325}"
EndProject
Project("{9A19103F-16F7-4668-BE54-9A1E7A4F7556}") = "Vault.Shared.NHibernate", "Vault.Shared.NHibernate\Vault.Shared.NHibernate.csproj", "{7A6E2FED-0E91-422C-A7AE-15B78882F857}"
EndProject
Project("{9A19103F-16F7-4668-BE54-9A1E7A4F7556}") = "Vault.Shared.Authentication.Pocket", "Vault.Shared.Authentication.Pocket\Vault.Shared.Authentication.Pocket.csproj", "{142BE9B6-1B9B-4844-B47A-46A977242A98}"
EndProject
Project("{9A19103F-16F7-4668-BE54-9A1E7A4F7556}") = "Vault.Shared.Search", "Vault.Shared.Search\Vault.Shared.Search.csproj", "{5BCCC5C0-F3E1-4083-97FA-6218DA6155D4}"
EndProject
Project("{9A19103F-16F7-4668-BE54-9A1E7A4F7556}") = "Vault.Shared.Search.Lucene", "Vault.Shared.Search.Lucene\Vault.Shared.Search.Lucene.csproj", "{ABE8D330-B1B2-42F7-AABD-B90F84BC71D5}"
EndProject
Project("{9A19103F-16F7-4668-BE54-9A1E7A4F7556}") = "Vault.Shared.Connectors.Pocket", "Vault.Shared.Connectors.Pocket\Vault.Shared.Connectors.Pocket.csproj", "{5E3FA1D5-3EB0-4FC2-B35F-0C338BFC728F}"
EndProject
Project("{9A19103F-16F7-4668-BE54-9A1E7A4F7556}") = "Vault.Shared.Identity", "Vault.Shared.Identity\Vault.Shared.Identity.csproj", "{5AC759A8-DCF4-4DF7-A0BB-6C973E298D74}"
EndProject
Project("{9A19103F-16F7-4668-BE54-9A1E7A4F7556}") = "Vault.Shared.TransientFaultHandling", "Vault.Shared.TransientFaultHandling\Vault.Shared.TransientFaultHandling.csproj", "{78A91B7D-7652-4CF8-811F-125090A4F83C}"
EndProject
Project("{9A19103F-16F7-4668-BE54-9A1E7A4F7556}") = "Vault.Activity", "Vault.Activity\Vault.Activity.csproj", "{40E8E113-173B-48A2-9FF6-605CE957FEA0}"
EndProject
Project("{9A19103F-16F7-4668-BE54-9A1E7A4F7556}") = "Vault.Web", "Vault.Web\Vault.Web.csproj", "{C4223588-A8F2-4F72-AAC3-A4BE30900C9F}"
EndProject
Project("{FAE04EC0-301F-11D3-BF4B-00C04F79EFBC}") = "Vault.Activity.Api", "Vault.Activity.Api\Vault.Activity.Api.csproj", "{27A839D5-6940-4C09-8FBB-4E2A3FB5DFA9}"
EndProject
Project("{FAE04EC0-301F-11D3-BF4B-00C04F79EFBC}") = "Vault.Shared.Activity", "Vault.Shared.Activity\Vault.Shared.Activity.csproj", "{035B471B-B021-4660-B821-DFD88488E953}"
EndProject
Global
	GlobalSection(SolutionConfigurationPlatforms) = preSolution
		Debug|Any CPU = Debug|Any CPU
		Release|Any CPU = Release|Any CPU
	EndGlobalSection
	GlobalSection(ProjectConfigurationPlatforms) = postSolution
		{AC32727D-A876-4D06-84F2-35E2B39F0325}.Debug|Any CPU.ActiveCfg = Debug|Any CPU
		{AC32727D-A876-4D06-84F2-35E2B39F0325}.Debug|Any CPU.Build.0 = Debug|Any CPU
		{AC32727D-A876-4D06-84F2-35E2B39F0325}.Release|Any CPU.ActiveCfg = Release|Any CPU
		{AC32727D-A876-4D06-84F2-35E2B39F0325}.Release|Any CPU.Build.0 = Release|Any CPU
		{7A6E2FED-0E91-422C-A7AE-15B78882F857}.Debug|Any CPU.ActiveCfg = Debug|Any CPU
		{7A6E2FED-0E91-422C-A7AE-15B78882F857}.Debug|Any CPU.Build.0 = Debug|Any CPU
		{7A6E2FED-0E91-422C-A7AE-15B78882F857}.Release|Any CPU.ActiveCfg = Release|Any CPU
		{7A6E2FED-0E91-422C-A7AE-15B78882F857}.Release|Any CPU.Build.0 = Release|Any CPU
		{142BE9B6-1B9B-4844-B47A-46A977242A98}.Debug|Any CPU.ActiveCfg = Debug|Any CPU
		{142BE9B6-1B9B-4844-B47A-46A977242A98}.Debug|Any CPU.Build.0 = Debug|Any CPU
		{142BE9B6-1B9B-4844-B47A-46A977242A98}.Release|Any CPU.ActiveCfg = Release|Any CPU
		{142BE9B6-1B9B-4844-B47A-46A977242A98}.Release|Any CPU.Build.0 = Release|Any CPU
		{5BCCC5C0-F3E1-4083-97FA-6218DA6155D4}.Debug|Any CPU.ActiveCfg = Debug|Any CPU
		{5BCCC5C0-F3E1-4083-97FA-6218DA6155D4}.Debug|Any CPU.Build.0 = Debug|Any CPU
		{5BCCC5C0-F3E1-4083-97FA-6218DA6155D4}.Release|Any CPU.ActiveCfg = Release|Any CPU
		{5BCCC5C0-F3E1-4083-97FA-6218DA6155D4}.Release|Any CPU.Build.0 = Release|Any CPU
		{ABE8D330-B1B2-42F7-AABD-B90F84BC71D5}.Debug|Any CPU.ActiveCfg = Debug|Any CPU
		{ABE8D330-B1B2-42F7-AABD-B90F84BC71D5}.Debug|Any CPU.Build.0 = Debug|Any CPU
		{ABE8D330-B1B2-42F7-AABD-B90F84BC71D5}.Release|Any CPU.ActiveCfg = Release|Any CPU
		{ABE8D330-B1B2-42F7-AABD-B90F84BC71D5}.Release|Any CPU.Build.0 = Release|Any CPU
		{5E3FA1D5-3EB0-4FC2-B35F-0C338BFC728F}.Debug|Any CPU.ActiveCfg = Debug|Any CPU
		{5E3FA1D5-3EB0-4FC2-B35F-0C338BFC728F}.Debug|Any CPU.Build.0 = Debug|Any CPU
		{5E3FA1D5-3EB0-4FC2-B35F-0C338BFC728F}.Release|Any CPU.ActiveCfg = Release|Any CPU
		{5E3FA1D5-3EB0-4FC2-B35F-0C338BFC728F}.Release|Any CPU.Build.0 = Release|Any CPU
		{5AC759A8-DCF4-4DF7-A0BB-6C973E298D74}.Debug|Any CPU.ActiveCfg = Debug|Any CPU
		{5AC759A8-DCF4-4DF7-A0BB-6C973E298D74}.Debug|Any CPU.Build.0 = Debug|Any CPU
		{5AC759A8-DCF4-4DF7-A0BB-6C973E298D74}.Release|Any CPU.ActiveCfg = Release|Any CPU
		{5AC759A8-DCF4-4DF7-A0BB-6C973E298D74}.Release|Any CPU.Build.0 = Release|Any CPU
		{78A91B7D-7652-4CF8-811F-125090A4F83C}.Debug|Any CPU.ActiveCfg = Debug|Any CPU
		{78A91B7D-7652-4CF8-811F-125090A4F83C}.Debug|Any CPU.Build.0 = Debug|Any CPU
		{78A91B7D-7652-4CF8-811F-125090A4F83C}.Release|Any CPU.ActiveCfg = Release|Any CPU
		{78A91B7D-7652-4CF8-811F-125090A4F83C}.Release|Any CPU.Build.0 = Release|Any CPU
		{40E8E113-173B-48A2-9FF6-605CE957FEA0}.Debug|Any CPU.ActiveCfg = Debug|Any CPU
		{40E8E113-173B-48A2-9FF6-605CE957FEA0}.Debug|Any CPU.Build.0 = Debug|Any CPU
		{40E8E113-173B-48A2-9FF6-605CE957FEA0}.Release|Any CPU.ActiveCfg = Release|Any CPU
		{40E8E113-173B-48A2-9FF6-605CE957FEA0}.Release|Any CPU.Build.0 = Release|Any CPU
		{C4223588-A8F2-4F72-AAC3-A4BE30900C9F}.Debug|Any CPU.ActiveCfg = Debug|Any CPU
		{C4223588-A8F2-4F72-AAC3-A4BE30900C9F}.Debug|Any CPU.Build.0 = Debug|Any CPU
		{C4223588-A8F2-4F72-AAC3-A4BE30900C9F}.Release|Any CPU.ActiveCfg = Release|Any CPU
		{C4223588-A8F2-4F72-AAC3-A4BE30900C9F}.Release|Any CPU.Build.0 = Release|Any CPU
		{27A839D5-6940-4C09-8FBB-4E2A3FB5DFA9}.Debug|Any CPU.ActiveCfg = Debug|Any CPU
		{27A839D5-6940-4C09-8FBB-4E2A3FB5DFA9}.Debug|Any CPU.Build.0 = Debug|Any CPU
		{27A839D5-6940-4C09-8FBB-4E2A3FB5DFA9}.Release|Any CPU.ActiveCfg = Release|Any CPU
		{27A839D5-6940-4C09-8FBB-4E2A3FB5DFA9}.Release|Any CPU.Build.0 = Release|Any CPU
		{035B471B-B021-4660-B821-DFD88488E953}.Debug|Any CPU.ActiveCfg = Debug|Any CPU
		{035B471B-B021-4660-B821-DFD88488E953}.Debug|Any CPU.Build.0 = Debug|Any CPU
		{035B471B-B021-4660-B821-DFD88488E953}.Release|Any CPU.ActiveCfg = Release|Any CPU
		{035B471B-B021-4660-B821-DFD88488E953}.Release|Any CPU.Build.0 = Release|Any CPU
	EndGlobalSection
	GlobalSection(SolutionProperties) = preSolution
		HideSolutionNode = FALSE
	EndGlobalSection
	GlobalSection(NestedProjects) = preSolution
		{0E0BF6ED-0950-4028-8CA8-18E882F4641A} = {6CB80A10-AF12-4BE2-A79E-2B20ABA23999}
		{425544EF-B295-42B6-968F-E83B90766AFD} = {6CB80A10-AF12-4BE2-A79E-2B20ABA23999}
		{D42CB269-2B49-4B06-A0BD-71C078681818} = {6CB80A10-AF12-4BE2-A79E-2B20ABA23999}
		{AC32727D-A876-4D06-84F2-35E2B39F0325} = {0E0BF6ED-0950-4028-8CA8-18E882F4641A}
		{7A6E2FED-0E91-422C-A7AE-15B78882F857} = {0E0BF6ED-0950-4028-8CA8-18E882F4641A}
		{142BE9B6-1B9B-4844-B47A-46A977242A98} = {425544EF-B295-42B6-968F-E83B90766AFD}
		{5BCCC5C0-F3E1-4083-97FA-6218DA6155D4} = {0E0BF6ED-0950-4028-8CA8-18E882F4641A}
		{ABE8D330-B1B2-42F7-AABD-B90F84BC71D5} = {0E0BF6ED-0950-4028-8CA8-18E882F4641A}
		{5E3FA1D5-3EB0-4FC2-B35F-0C338BFC728F} = {D42CB269-2B49-4B06-A0BD-71C078681818}
		{5AC759A8-DCF4-4DF7-A0BB-6C973E298D74} = {0E0BF6ED-0950-4028-8CA8-18E882F4641A}
		{78A91B7D-7652-4CF8-811F-125090A4F83C} = {0E0BF6ED-0950-4028-8CA8-18E882F4641A}
		{40E8E113-173B-48A2-9FF6-605CE957FEA0} = {6CB80A10-AF12-4BE2-A79E-2B20ABA23999}
		{C4223588-A8F2-4F72-AAC3-A4BE30900C9F} = {6CB80A10-AF12-4BE2-A79E-2B20ABA23999}
		{27A839D5-6940-4C09-8FBB-4E2A3FB5DFA9} = {6CB80A10-AF12-4BE2-A79E-2B20ABA23999}
		{035B471B-B021-4660-B821-DFD88488E953} = {0E0BF6ED-0950-4028-8CA8-18E882F4641A}
	EndGlobalSection
EndGlobal
