
Microsoft Visual Studio Solution File, Format Version 12.00
# Visual Studio 14
VisualStudioVersion = 14.0.25123.0
MinimumVisualStudioVersion = 10.0.40219.1
Project("{8BB2217D-0F2D-49D1-97BC-3654ED321F3B}") = "Vault.Shared", "Vault.Shared\Vault.Shared.xproj", "{AC32727D-A876-4D06-84F2-35E2B39F0325}"
EndProject
Project("{8BB2217D-0F2D-49D1-97BC-3654ED321F3B}") = "Vault.Shared.NHibernate", "Vault.Shared.NHibernate\Vault.Shared.NHibernate.xproj", "{7A6E2FED-0E91-422C-A7AE-15B78882F857}"
EndProject
Project("{8BB2217D-0F2D-49D1-97BC-3654ED321F3B}") = "Vault.Framework", "Vault.Framework\Vault.Framework.xproj", "{99F8B300-1FC9-4698-924C-8670BC4BF989}"
EndProject
Project("{8BB2217D-0F2D-49D1-97BC-3654ED321F3B}") = "Vault.Web", "Vault.Web\Vault.Web.xproj", "{C4223588-A8F2-4F72-AAC3-A4BE30900C9F}"
EndProject
Project("{8BB2217D-0F2D-49D1-97BC-3654ED321F3B}") = "Vault.Shared.NEventStore", "Vault.Shared.NEventStore\Vault.Shared.NEventStore.xproj", "{7ACC7AD1-BEF6-49F7-9BDC-2DB23C7D1FD1}"
EndProject
Project("{2150E333-8FDC-42A3-9474-1A3956D46DE8}") = "Shared", "Shared", "{0E0BF6ED-0950-4028-8CA8-18E882F4641A}"
EndProject
Project("{8BB2217D-0F2D-49D1-97BC-3654ED321F3B}") = "Vault.Shared.Authentication.Pocket", "Vault.Shared.Authentication.Pocket\Vault.Shared.Authentication.Pocket.xproj", "{142BE9B6-1B9B-4844-B47A-46A977242A98}"
EndProject
Project("{2150E333-8FDC-42A3-9474-1A3956D46DE8}") = "Auth", "Auth", "{425544EF-B295-42B6-968F-E83B90766AFD}"
EndProject
Project("{8BB2217D-0F2D-49D1-97BC-3654ED321F3B}") = "Vault.Shared.Search", "Vault.Shared.Search\Vault.Shared.Search.xproj", "{5BCCC5C0-F3E1-4083-97FA-6218DA6155D4}"
EndProject
Project("{8BB2217D-0F2D-49D1-97BC-3654ED321F3B}") = "Vault.Shared.Search.Lucene", "Vault.Shared.Search.Lucene\Vault.Shared.Search.Lucene.xproj", "{ABE8D330-B1B2-42F7-AABD-B90F84BC71D5}"
EndProject
Project("{8BB2217D-0F2D-49D1-97BC-3654ED321F3B}") = "Vault.Shared.Connectors", "Vault.Shared.Connectors\Vault.Shared.Connectors.xproj", "{26C76E3C-4060-44DF-A408-B00E36AAC039}"
EndProject
Project("{2150E333-8FDC-42A3-9474-1A3956D46DE8}") = "Connectors", "Connectors", "{D42CB269-2B49-4B06-A0BD-71C078681818}"
EndProject
Project("{8BB2217D-0F2D-49D1-97BC-3654ED321F3B}") = "Vault.Shared.Connectors.Pocket", "Vault.Shared.Connectors.Pocket\Vault.Shared.Connectors.Pocket.xproj", "{5E3FA1D5-3EB0-4FC2-B35F-0C338BFC728F}"
EndProject
Project("{8BB2217D-0F2D-49D1-97BC-3654ED321F3B}") = "Vault.Shared.Identity", "Vault.Shared.Identity\Vault.Shared.Identity.xproj", "{5AC759A8-DCF4-4DF7-A0BB-6C973E298D74}"
EndProject
Global
	GlobalSection(SolutionConfigurationPlatforms) = preSolution
		Debug|Any CPU = Debug|Any CPU
		Release|Any CPU = Release|Any CPU
	EndGlobalSection
	GlobalSection(ProjectConfigurationPlatforms) = postSolution
		{AC32727D-A876-4D06-84F2-35E2B39F0325}.Debug|Any CPU.ActiveCfg = Debug|Any CPU
		{AC32727D-A876-4D06-84F2-35E2B39F0325}.Debug|Any CPU.Build.0 = Debug|Any CPU
		{AC32727D-A876-4D06-84F2-35E2B39F0325}.Release|Any CPU.ActiveCfg = Release|Any CPU
		{AC32727D-A876-4D06-84F2-35E2B39F0325}.Release|Any CPU.Build.0 = Release|Any CPU
		{7A6E2FED-0E91-422C-A7AE-15B78882F857}.Debug|Any CPU.ActiveCfg = Debug|Any CPU
		{7A6E2FED-0E91-422C-A7AE-15B78882F857}.Debug|Any CPU.Build.0 = Debug|Any CPU
		{7A6E2FED-0E91-422C-A7AE-15B78882F857}.Release|Any CPU.ActiveCfg = Release|Any CPU
		{7A6E2FED-0E91-422C-A7AE-15B78882F857}.Release|Any CPU.Build.0 = Release|Any CPU
		{99F8B300-1FC9-4698-924C-8670BC4BF989}.Debug|Any CPU.ActiveCfg = Debug|Any CPU
		{99F8B300-1FC9-4698-924C-8670BC4BF989}.Debug|Any CPU.Build.0 = Debug|Any CPU
		{99F8B300-1FC9-4698-924C-8670BC4BF989}.Release|Any CPU.ActiveCfg = Release|Any CPU
		{99F8B300-1FC9-4698-924C-8670BC4BF989}.Release|Any CPU.Build.0 = Release|Any CPU
		{C4223588-A8F2-4F72-AAC3-A4BE30900C9F}.Debug|Any CPU.ActiveCfg = Debug|Any CPU
		{C4223588-A8F2-4F72-AAC3-A4BE30900C9F}.Debug|Any CPU.Build.0 = Debug|Any CPU
		{C4223588-A8F2-4F72-AAC3-A4BE30900C9F}.Release|Any CPU.ActiveCfg = Release|Any CPU
		{C4223588-A8F2-4F72-AAC3-A4BE30900C9F}.Release|Any CPU.Build.0 = Release|Any CPU
		{7ACC7AD1-BEF6-49F7-9BDC-2DB23C7D1FD1}.Debug|Any CPU.ActiveCfg = Debug|Any CPU
		{7ACC7AD1-BEF6-49F7-9BDC-2DB23C7D1FD1}.Debug|Any CPU.Build.0 = Debug|Any CPU
		{7ACC7AD1-BEF6-49F7-9BDC-2DB23C7D1FD1}.Release|Any CPU.ActiveCfg = Release|Any CPU
		{7ACC7AD1-BEF6-49F7-9BDC-2DB23C7D1FD1}.Release|Any CPU.Build.0 = Release|Any CPU
		{142BE9B6-1B9B-4844-B47A-46A977242A98}.Debug|Any CPU.ActiveCfg = Debug|Any CPU
		{142BE9B6-1B9B-4844-B47A-46A977242A98}.Debug|Any CPU.Build.0 = Debug|Any CPU
		{142BE9B6-1B9B-4844-B47A-46A977242A98}.Release|Any CPU.ActiveCfg = Release|Any CPU
		{142BE9B6-1B9B-4844-B47A-46A977242A98}.Release|Any CPU.Build.0 = Release|Any CPU
		{5BCCC5C0-F3E1-4083-97FA-6218DA6155D4}.Debug|Any CPU.ActiveCfg = Debug|Any CPU
		{5BCCC5C0-F3E1-4083-97FA-6218DA6155D4}.Debug|Any CPU.Build.0 = Debug|Any CPU
		{5BCCC5C0-F3E1-4083-97FA-6218DA6155D4}.Release|Any CPU.ActiveCfg = Release|Any CPU
		{5BCCC5C0-F3E1-4083-97FA-6218DA6155D4}.Release|Any CPU.Build.0 = Release|Any CPU
		{ABE8D330-B1B2-42F7-AABD-B90F84BC71D5}.Debug|Any CPU.ActiveCfg = Debug|Any CPU
		{ABE8D330-B1B2-42F7-AABD-B90F84BC71D5}.Debug|Any CPU.Build.0 = Debug|Any CPU
		{ABE8D330-B1B2-42F7-AABD-B90F84BC71D5}.Release|Any CPU.ActiveCfg = Release|Any CPU
		{ABE8D330-B1B2-42F7-AABD-B90F84BC71D5}.Release|Any CPU.Build.0 = Release|Any CPU
		{26C76E3C-4060-44DF-A408-B00E36AAC039}.Debug|Any CPU.ActiveCfg = Debug|Any CPU
		{26C76E3C-4060-44DF-A408-B00E36AAC039}.Debug|Any CPU.Build.0 = Debug|Any CPU
		{26C76E3C-4060-44DF-A408-B00E36AAC039}.Release|Any CPU.ActiveCfg = Release|Any CPU
		{26C76E3C-4060-44DF-A408-B00E36AAC039}.Release|Any CPU.Build.0 = Release|Any CPU
		{5E3FA1D5-3EB0-4FC2-B35F-0C338BFC728F}.Debug|Any CPU.ActiveCfg = Debug|Any CPU
		{5E3FA1D5-3EB0-4FC2-B35F-0C338BFC728F}.Debug|Any CPU.Build.0 = Debug|Any CPU
		{5E3FA1D5-3EB0-4FC2-B35F-0C338BFC728F}.Release|Any CPU.ActiveCfg = Release|Any CPU
		{5E3FA1D5-3EB0-4FC2-B35F-0C338BFC728F}.Release|Any CPU.Build.0 = Release|Any CPU
		{5AC759A8-DCF4-4DF7-A0BB-6C973E298D74}.Debug|Any CPU.ActiveCfg = Debug|Any CPU
		{5AC759A8-DCF4-4DF7-A0BB-6C973E298D74}.Debug|Any CPU.Build.0 = Debug|Any CPU
		{5AC759A8-DCF4-4DF7-A0BB-6C973E298D74}.Release|Any CPU.ActiveCfg = Release|Any CPU
		{5AC759A8-DCF4-4DF7-A0BB-6C973E298D74}.Release|Any CPU.Build.0 = Release|Any CPU
	EndGlobalSection
	GlobalSection(SolutionProperties) = preSolution
		HideSolutionNode = FALSE
	EndGlobalSection
	GlobalSection(NestedProjects) = preSolution
		{AC32727D-A876-4D06-84F2-35E2B39F0325} = {0E0BF6ED-0950-4028-8CA8-18E882F4641A}
		{7A6E2FED-0E91-422C-A7AE-15B78882F857} = {0E0BF6ED-0950-4028-8CA8-18E882F4641A}
		{7ACC7AD1-BEF6-49F7-9BDC-2DB23C7D1FD1} = {0E0BF6ED-0950-4028-8CA8-18E882F4641A}
		{142BE9B6-1B9B-4844-B47A-46A977242A98} = {425544EF-B295-42B6-968F-E83B90766AFD}
		{5BCCC5C0-F3E1-4083-97FA-6218DA6155D4} = {0E0BF6ED-0950-4028-8CA8-18E882F4641A}
		{ABE8D330-B1B2-42F7-AABD-B90F84BC71D5} = {0E0BF6ED-0950-4028-8CA8-18E882F4641A}
		{26C76E3C-4060-44DF-A408-B00E36AAC039} = {D42CB269-2B49-4B06-A0BD-71C078681818}
		{5E3FA1D5-3EB0-4FC2-B35F-0C338BFC728F} = {D42CB269-2B49-4B06-A0BD-71C078681818}
		{5AC759A8-DCF4-4DF7-A0BB-6C973E298D74} = {0E0BF6ED-0950-4028-8CA8-18E882F4641A}
	EndGlobalSection
EndGlobal
