
Microsoft Visual Studio Solution File, Format Version 12.00
# Visual Studio 15
VisualStudioVersion = 15.0.27130.2026
MinimumVisualStudioVersion = 10.0.40219.1
Project("{2150E333-8FDC-42A3-9474-1A3956D46DE8}") = "Shared", "Shared", "{0E0BF6ED-0950-4028-8CA8-18E882F4641A}"
EndProject
Project("{2150E333-8FDC-42A3-9474-1A3956D46DE8}") = "Auth", "Auth", "{425544EF-B295-42B6-968F-E83B90766AFD}"
EndProject
Project("{2150E333-8FDC-42A3-9474-1A3956D46DE8}") = "Spouts", "Spouts", "{D42CB269-2B49-4B06-A0BD-71C078681818}"
EndProject
Project("{2150E333-8FDC-42A3-9474-1A3956D46DE8}") = "src", "src", "{6CB80A10-AF12-4BE2-A79E-2B20ABA23999}"
EndProject
Project("{9A19103F-16F7-4668-BE54-9A1E7A4F7556}") = "Vault.Shared", "src\Vault.Shared\Vault.Shared.csproj", "{AC32727D-A876-4D06-84F2-35E2B39F0325}"
EndProject
Project("{9A19103F-16F7-4668-BE54-9A1E7A4F7556}") = "Vault.Shared.NHibernate", "src\Vault.Shared.NHibernate\Vault.Shared.NHibernate.csproj", "{7A6E2FED-0E91-422C-A7AE-15B78882F857}"
EndProject
Project("{9A19103F-16F7-4668-BE54-9A1E7A4F7556}") = "Vault.Shared.Authentication.Pocket", "src\Vault.Shared.Authentication.Pocket\Vault.Shared.Authentication.Pocket.csproj", "{142BE9B6-1B9B-4844-B47A-46A977242A98}"
EndProject
Project("{9A19103F-16F7-4668-BE54-9A1E7A4F7556}") = "Vault.Shared.Search", "src\Vault.Shared.Search\Vault.Shared.Search.csproj", "{5BCCC5C0-F3E1-4083-97FA-6218DA6155D4}"
EndProject
Project("{9A19103F-16F7-4668-BE54-9A1E7A4F7556}") = "Vault.Shared.Search.Lucene", "src\Vault.Shared.Search.Lucene\Vault.Shared.Search.Lucene.csproj", "{ABE8D330-B1B2-42F7-AABD-B90F84BC71D5}"
EndProject
Project("{9A19103F-16F7-4668-BE54-9A1E7A4F7556}") = "Vault.Shared.TransientFaultHandling", "src\Vault.Shared.TransientFaultHandling\Vault.Shared.TransientFaultHandling.csproj", "{78A91B7D-7652-4CF8-811F-125090A4F83C}"
EndProject
Project("{9A19103F-16F7-4668-BE54-9A1E7A4F7556}") = "Vault.Activity", "src\Vault.Activity\Vault.Activity.csproj", "{40E8E113-173B-48A2-9FF6-605CE957FEA0}"
EndProject
Project("{9A19103F-16F7-4668-BE54-9A1E7A4F7556}") = "Vault.Activity.Api", "src\Vault.Activity.Api\Vault.Activity.Api.csproj", "{27A839D5-6940-4C09-8FBB-4E2A3FB5DFA9}"
EndProject
Project("{9A19103F-16F7-4668-BE54-9A1E7A4F7556}") = "Vault.Shared.Activity", "src\Vault.Shared.Activity\Vault.Shared.Activity.csproj", "{CAB8DC1F-1194-47F0-A904-94334CC12308}"
EndProject
Project("{9A19103F-16F7-4668-BE54-9A1E7A4F7556}") = "Vault.WebApp", "src\Vault.Web\Vault.WebApp.csproj", "{E2A3E37B-6A33-4100-A87D-9831863C8CD2}"
EndProject
Project("{9A19103F-16F7-4668-BE54-9A1E7A4F7556}") = "StreamInsights.Abstractions", "src\StreamInsights.Abstractions\StreamInsights.Abstractions.csproj", "{0157C98A-9B9F-4C43-9021-B039BF365D33}"
EndProject
Project("{FAE04EC0-301F-11D3-BF4B-00C04F79EFBC}") = "StreamInsights", "src\StreamInsights\StreamInsights.csproj", "{152F9933-F292-495C-9C77-9ADB79C74DD9}"
EndProject
Project("{9A19103F-16F7-4668-BE54-9A1E7A4F7556}") = "Vault.Spouts.Pocket", "src\Vault.Spouts.Pocket\Vault.Spouts.Pocket.csproj", "{BA32B8D1-FE3E-4CE0-A866-79EC5F31EDFF}"
EndProject
Project("{9A19103F-16F7-4668-BE54-9A1E7A4F7556}") = "Vault.Spouts.Abstractions", "src\Vault.Spouts.Abstractions\Vault.Spouts.Abstractions.csproj", "{B0BA12A3-61EC-4102-BF85-7EFFBCB62F1D}"
EndProject
Global
	GlobalSection(SolutionConfigurationPlatforms) = preSolution
		Debug|Any CPU = Debug|Any CPU
		Debug|x64 = Debug|x64
		Release|Any CPU = Release|Any CPU
		Release|x64 = Release|x64
	EndGlobalSection
	GlobalSection(ProjectConfigurationPlatforms) = postSolution
		{AC32727D-A876-4D06-84F2-35E2B39F0325}.Debug|Any CPU.ActiveCfg = Debug|Any CPU
		{AC32727D-A876-4D06-84F2-35E2B39F0325}.Debug|Any CPU.Build.0 = Debug|Any CPU
		{AC32727D-A876-4D06-84F2-35E2B39F0325}.Debug|x64.ActiveCfg = Debug|Any CPU
		{AC32727D-A876-4D06-84F2-35E2B39F0325}.Debug|x64.Build.0 = Debug|Any CPU
		{AC32727D-A876-4D06-84F2-35E2B39F0325}.Release|Any CPU.ActiveCfg = Release|Any CPU
		{AC32727D-A876-4D06-84F2-35E2B39F0325}.Release|Any CPU.Build.0 = Release|Any CPU
		{AC32727D-A876-4D06-84F2-35E2B39F0325}.Release|x64.ActiveCfg = Release|Any CPU
		{AC32727D-A876-4D06-84F2-35E2B39F0325}.Release|x64.Build.0 = Release|Any CPU
		{7A6E2FED-0E91-422C-A7AE-15B78882F857}.Debug|Any CPU.ActiveCfg = Debug|Any CPU
		{7A6E2FED-0E91-422C-A7AE-15B78882F857}.Debug|Any CPU.Build.0 = Debug|Any CPU
		{7A6E2FED-0E91-422C-A7AE-15B78882F857}.Debug|x64.ActiveCfg = Debug|Any CPU
		{7A6E2FED-0E91-422C-A7AE-15B78882F857}.Debug|x64.Build.0 = Debug|Any CPU
		{7A6E2FED-0E91-422C-A7AE-15B78882F857}.Release|Any CPU.ActiveCfg = Release|Any CPU
		{7A6E2FED-0E91-422C-A7AE-15B78882F857}.Release|Any CPU.Build.0 = Release|Any CPU
		{7A6E2FED-0E91-422C-A7AE-15B78882F857}.Release|x64.ActiveCfg = Release|Any CPU
		{7A6E2FED-0E91-422C-A7AE-15B78882F857}.Release|x64.Build.0 = Release|Any CPU
		{142BE9B6-1B9B-4844-B47A-46A977242A98}.Debug|Any CPU.ActiveCfg = Debug|Any CPU
		{142BE9B6-1B9B-4844-B47A-46A977242A98}.Debug|Any CPU.Build.0 = Debug|Any CPU
		{142BE9B6-1B9B-4844-B47A-46A977242A98}.Debug|x64.ActiveCfg = Debug|Any CPU
		{142BE9B6-1B9B-4844-B47A-46A977242A98}.Debug|x64.Build.0 = Debug|Any CPU
		{142BE9B6-1B9B-4844-B47A-46A977242A98}.Release|Any CPU.ActiveCfg = Release|Any CPU
		{142BE9B6-1B9B-4844-B47A-46A977242A98}.Release|Any CPU.Build.0 = Release|Any CPU
		{142BE9B6-1B9B-4844-B47A-46A977242A98}.Release|x64.ActiveCfg = Release|Any CPU
		{142BE9B6-1B9B-4844-B47A-46A977242A98}.Release|x64.Build.0 = Release|Any CPU
		{5BCCC5C0-F3E1-4083-97FA-6218DA6155D4}.Debug|Any CPU.ActiveCfg = Debug|Any CPU
		{5BCCC5C0-F3E1-4083-97FA-6218DA6155D4}.Debug|Any CPU.Build.0 = Debug|Any CPU
		{5BCCC5C0-F3E1-4083-97FA-6218DA6155D4}.Debug|x64.ActiveCfg = Debug|Any CPU
		{5BCCC5C0-F3E1-4083-97FA-6218DA6155D4}.Debug|x64.Build.0 = Debug|Any CPU
		{5BCCC5C0-F3E1-4083-97FA-6218DA6155D4}.Release|Any CPU.ActiveCfg = Release|Any CPU
		{5BCCC5C0-F3E1-4083-97FA-6218DA6155D4}.Release|Any CPU.Build.0 = Release|Any CPU
		{5BCCC5C0-F3E1-4083-97FA-6218DA6155D4}.Release|x64.ActiveCfg = Release|Any CPU
		{5BCCC5C0-F3E1-4083-97FA-6218DA6155D4}.Release|x64.Build.0 = Release|Any CPU
		{ABE8D330-B1B2-42F7-AABD-B90F84BC71D5}.Debug|Any CPU.ActiveCfg = Debug|Any CPU
		{ABE8D330-B1B2-42F7-AABD-B90F84BC71D5}.Debug|Any CPU.Build.0 = Debug|Any CPU
		{ABE8D330-B1B2-42F7-AABD-B90F84BC71D5}.Debug|x64.ActiveCfg = Debug|Any CPU
		{ABE8D330-B1B2-42F7-AABD-B90F84BC71D5}.Debug|x64.Build.0 = Debug|Any CPU
		{ABE8D330-B1B2-42F7-AABD-B90F84BC71D5}.Release|Any CPU.ActiveCfg = Release|Any CPU
		{ABE8D330-B1B2-42F7-AABD-B90F84BC71D5}.Release|Any CPU.Build.0 = Release|Any CPU
		{ABE8D330-B1B2-42F7-AABD-B90F84BC71D5}.Release|x64.ActiveCfg = Release|Any CPU
		{ABE8D330-B1B2-42F7-AABD-B90F84BC71D5}.Release|x64.Build.0 = Release|Any CPU
		{78A91B7D-7652-4CF8-811F-125090A4F83C}.Debug|Any CPU.ActiveCfg = Debug|Any CPU
		{78A91B7D-7652-4CF8-811F-125090A4F83C}.Debug|Any CPU.Build.0 = Debug|Any CPU
		{78A91B7D-7652-4CF8-811F-125090A4F83C}.Debug|x64.ActiveCfg = Debug|Any CPU
		{78A91B7D-7652-4CF8-811F-125090A4F83C}.Debug|x64.Build.0 = Debug|Any CPU
		{78A91B7D-7652-4CF8-811F-125090A4F83C}.Release|Any CPU.ActiveCfg = Release|Any CPU
		{78A91B7D-7652-4CF8-811F-125090A4F83C}.Release|Any CPU.Build.0 = Release|Any CPU
		{78A91B7D-7652-4CF8-811F-125090A4F83C}.Release|x64.ActiveCfg = Release|Any CPU
		{78A91B7D-7652-4CF8-811F-125090A4F83C}.Release|x64.Build.0 = Release|Any CPU
		{40E8E113-173B-48A2-9FF6-605CE957FEA0}.Debug|Any CPU.ActiveCfg = Debug|Any CPU
		{40E8E113-173B-48A2-9FF6-605CE957FEA0}.Debug|Any CPU.Build.0 = Debug|Any CPU
		{40E8E113-173B-48A2-9FF6-605CE957FEA0}.Debug|x64.ActiveCfg = Debug|Any CPU
		{40E8E113-173B-48A2-9FF6-605CE957FEA0}.Debug|x64.Build.0 = Debug|Any CPU
		{40E8E113-173B-48A2-9FF6-605CE957FEA0}.Release|Any CPU.ActiveCfg = Release|Any CPU
		{40E8E113-173B-48A2-9FF6-605CE957FEA0}.Release|Any CPU.Build.0 = Release|Any CPU
		{40E8E113-173B-48A2-9FF6-605CE957FEA0}.Release|x64.ActiveCfg = Release|Any CPU
		{40E8E113-173B-48A2-9FF6-605CE957FEA0}.Release|x64.Build.0 = Release|Any CPU
		{27A839D5-6940-4C09-8FBB-4E2A3FB5DFA9}.Debug|Any CPU.ActiveCfg = Debug|Any CPU
		{27A839D5-6940-4C09-8FBB-4E2A3FB5DFA9}.Debug|Any CPU.Build.0 = Debug|Any CPU
		{27A839D5-6940-4C09-8FBB-4E2A3FB5DFA9}.Debug|x64.ActiveCfg = Debug|Any CPU
		{27A839D5-6940-4C09-8FBB-4E2A3FB5DFA9}.Debug|x64.Build.0 = Debug|Any CPU
		{27A839D5-6940-4C09-8FBB-4E2A3FB5DFA9}.Release|Any CPU.ActiveCfg = Release|Any CPU
		{27A839D5-6940-4C09-8FBB-4E2A3FB5DFA9}.Release|Any CPU.Build.0 = Release|Any CPU
		{27A839D5-6940-4C09-8FBB-4E2A3FB5DFA9}.Release|x64.ActiveCfg = Release|Any CPU
		{27A839D5-6940-4C09-8FBB-4E2A3FB5DFA9}.Release|x64.Build.0 = Release|Any CPU
		{CAB8DC1F-1194-47F0-A904-94334CC12308}.Debug|Any CPU.ActiveCfg = Debug|Any CPU
		{CAB8DC1F-1194-47F0-A904-94334CC12308}.Debug|Any CPU.Build.0 = Debug|Any CPU
		{CAB8DC1F-1194-47F0-A904-94334CC12308}.Debug|x64.ActiveCfg = Debug|Any CPU
		{CAB8DC1F-1194-47F0-A904-94334CC12308}.Debug|x64.Build.0 = Debug|Any CPU
		{CAB8DC1F-1194-47F0-A904-94334CC12308}.Release|Any CPU.ActiveCfg = Release|Any CPU
		{CAB8DC1F-1194-47F0-A904-94334CC12308}.Release|Any CPU.Build.0 = Release|Any CPU
		{CAB8DC1F-1194-47F0-A904-94334CC12308}.Release|x64.ActiveCfg = Release|Any CPU
		{CAB8DC1F-1194-47F0-A904-94334CC12308}.Release|x64.Build.0 = Release|Any CPU
		{E2A3E37B-6A33-4100-A87D-9831863C8CD2}.Debug|Any CPU.ActiveCfg = Debug|Any CPU
		{E2A3E37B-6A33-4100-A87D-9831863C8CD2}.Debug|Any CPU.Build.0 = Debug|Any CPU
		{E2A3E37B-6A33-4100-A87D-9831863C8CD2}.Debug|x64.ActiveCfg = Debug|Any CPU
		{E2A3E37B-6A33-4100-A87D-9831863C8CD2}.Debug|x64.Build.0 = Debug|Any CPU
		{E2A3E37B-6A33-4100-A87D-9831863C8CD2}.Release|Any CPU.ActiveCfg = Release|Any CPU
		{E2A3E37B-6A33-4100-A87D-9831863C8CD2}.Release|Any CPU.Build.0 = Release|Any CPU
		{E2A3E37B-6A33-4100-A87D-9831863C8CD2}.Release|x64.ActiveCfg = Release|Any CPU
		{E2A3E37B-6A33-4100-A87D-9831863C8CD2}.Release|x64.Build.0 = Release|Any CPU
		{0157C98A-9B9F-4C43-9021-B039BF365D33}.Debug|Any CPU.ActiveCfg = Debug|Any CPU
		{0157C98A-9B9F-4C43-9021-B039BF365D33}.Debug|Any CPU.Build.0 = Debug|Any CPU
		{0157C98A-9B9F-4C43-9021-B039BF365D33}.Debug|x64.ActiveCfg = Debug|Any CPU
		{0157C98A-9B9F-4C43-9021-B039BF365D33}.Debug|x64.Build.0 = Debug|Any CPU
		{0157C98A-9B9F-4C43-9021-B039BF365D33}.Release|Any CPU.ActiveCfg = Release|Any CPU
		{0157C98A-9B9F-4C43-9021-B039BF365D33}.Release|Any CPU.Build.0 = Release|Any CPU
		{0157C98A-9B9F-4C43-9021-B039BF365D33}.Release|x64.ActiveCfg = Release|Any CPU
		{0157C98A-9B9F-4C43-9021-B039BF365D33}.Release|x64.Build.0 = Release|Any CPU
		{152F9933-F292-495C-9C77-9ADB79C74DD9}.Debug|Any CPU.ActiveCfg = Debug|Any CPU
		{152F9933-F292-495C-9C77-9ADB79C74DD9}.Debug|Any CPU.Build.0 = Debug|Any CPU
		{152F9933-F292-495C-9C77-9ADB79C74DD9}.Debug|x64.ActiveCfg = Debug|Any CPU
		{152F9933-F292-495C-9C77-9ADB79C74DD9}.Debug|x64.Build.0 = Debug|Any CPU
		{152F9933-F292-495C-9C77-9ADB79C74DD9}.Release|Any CPU.ActiveCfg = Release|Any CPU
		{152F9933-F292-495C-9C77-9ADB79C74DD9}.Release|Any CPU.Build.0 = Release|Any CPU
		{152F9933-F292-495C-9C77-9ADB79C74DD9}.Release|x64.ActiveCfg = Release|Any CPU
		{152F9933-F292-495C-9C77-9ADB79C74DD9}.Release|x64.Build.0 = Release|Any CPU
		{BA32B8D1-FE3E-4CE0-A866-79EC5F31EDFF}.Debug|Any CPU.ActiveCfg = Debug|Any CPU
		{BA32B8D1-FE3E-4CE0-A866-79EC5F31EDFF}.Debug|Any CPU.Build.0 = Debug|Any CPU
		{BA32B8D1-FE3E-4CE0-A866-79EC5F31EDFF}.Debug|x64.ActiveCfg = Debug|Any CPU
		{BA32B8D1-FE3E-4CE0-A866-79EC5F31EDFF}.Debug|x64.Build.0 = Debug|Any CPU
		{BA32B8D1-FE3E-4CE0-A866-79EC5F31EDFF}.Release|Any CPU.ActiveCfg = Release|Any CPU
		{BA32B8D1-FE3E-4CE0-A866-79EC5F31EDFF}.Release|Any CPU.Build.0 = Release|Any CPU
		{BA32B8D1-FE3E-4CE0-A866-79EC5F31EDFF}.Release|x64.ActiveCfg = Release|Any CPU
		{BA32B8D1-FE3E-4CE0-A866-79EC5F31EDFF}.Release|x64.Build.0 = Release|Any CPU
		{B0BA12A3-61EC-4102-BF85-7EFFBCB62F1D}.Debug|Any CPU.ActiveCfg = Debug|Any CPU
		{B0BA12A3-61EC-4102-BF85-7EFFBCB62F1D}.Debug|Any CPU.Build.0 = Debug|Any CPU
		{B0BA12A3-61EC-4102-BF85-7EFFBCB62F1D}.Debug|x64.ActiveCfg = Debug|Any CPU
		{B0BA12A3-61EC-4102-BF85-7EFFBCB62F1D}.Debug|x64.Build.0 = Debug|Any CPU
		{B0BA12A3-61EC-4102-BF85-7EFFBCB62F1D}.Release|Any CPU.ActiveCfg = Release|Any CPU
		{B0BA12A3-61EC-4102-BF85-7EFFBCB62F1D}.Release|Any CPU.Build.0 = Release|Any CPU
		{B0BA12A3-61EC-4102-BF85-7EFFBCB62F1D}.Release|x64.ActiveCfg = Release|Any CPU
		{B0BA12A3-61EC-4102-BF85-7EFFBCB62F1D}.Release|x64.Build.0 = Release|Any CPU
	EndGlobalSection
	GlobalSection(SolutionProperties) = preSolution
		HideSolutionNode = FALSE
	EndGlobalSection
	GlobalSection(NestedProjects) = preSolution
		{0E0BF6ED-0950-4028-8CA8-18E882F4641A} = {6CB80A10-AF12-4BE2-A79E-2B20ABA23999}
		{425544EF-B295-42B6-968F-E83B90766AFD} = {6CB80A10-AF12-4BE2-A79E-2B20ABA23999}
		{D42CB269-2B49-4B06-A0BD-71C078681818} = {6CB80A10-AF12-4BE2-A79E-2B20ABA23999}
		{AC32727D-A876-4D06-84F2-35E2B39F0325} = {0E0BF6ED-0950-4028-8CA8-18E882F4641A}
		{7A6E2FED-0E91-422C-A7AE-15B78882F857} = {0E0BF6ED-0950-4028-8CA8-18E882F4641A}
		{142BE9B6-1B9B-4844-B47A-46A977242A98} = {425544EF-B295-42B6-968F-E83B90766AFD}
		{5BCCC5C0-F3E1-4083-97FA-6218DA6155D4} = {0E0BF6ED-0950-4028-8CA8-18E882F4641A}
		{ABE8D330-B1B2-42F7-AABD-B90F84BC71D5} = {0E0BF6ED-0950-4028-8CA8-18E882F4641A}
		{78A91B7D-7652-4CF8-811F-125090A4F83C} = {0E0BF6ED-0950-4028-8CA8-18E882F4641A}
		{40E8E113-173B-48A2-9FF6-605CE957FEA0} = {6CB80A10-AF12-4BE2-A79E-2B20ABA23999}
		{27A839D5-6940-4C09-8FBB-4E2A3FB5DFA9} = {6CB80A10-AF12-4BE2-A79E-2B20ABA23999}
		{CAB8DC1F-1194-47F0-A904-94334CC12308} = {0E0BF6ED-0950-4028-8CA8-18E882F4641A}
		{E2A3E37B-6A33-4100-A87D-9831863C8CD2} = {6CB80A10-AF12-4BE2-A79E-2B20ABA23999}
		{0157C98A-9B9F-4C43-9021-B039BF365D33} = {6CB80A10-AF12-4BE2-A79E-2B20ABA23999}
		{152F9933-F292-495C-9C77-9ADB79C74DD9} = {6CB80A10-AF12-4BE2-A79E-2B20ABA23999}
		{BA32B8D1-FE3E-4CE0-A866-79EC5F31EDFF} = {D42CB269-2B49-4B06-A0BD-71C078681818}
		{B0BA12A3-61EC-4102-BF85-7EFFBCB62F1D} = {D42CB269-2B49-4B06-A0BD-71C078681818}
	EndGlobalSection
	GlobalSection(ExtensibilityGlobals) = postSolution
		SolutionGuid = {91A8D5FD-4708-41DC-9266-E6F3CD5C3749}
	EndGlobalSection
EndGlobal
